// !$*UTF8*$!
{
	archiveVersion = 1;
	classes = {
	};
	objectVersion = 56;
	objects = {

/* Begin PBXBuildFile section */
		D20BA58E29F51C9A00A34430 /* AppDelegate.swift in Sources */ = {isa = PBXBuildFile; fileRef = D20BA58D29F51C9A00A34430 /* AppDelegate.swift */; };
		D20BA59029F51C9A00A34430 /* SceneDelegate.swift in Sources */ = {isa = PBXBuildFile; fileRef = D20BA58F29F51C9A00A34430 /* SceneDelegate.swift */; };
		D20BA59229F51C9A00A34430 /* ViewController.swift in Sources */ = {isa = PBXBuildFile; fileRef = D20BA59129F51C9A00A34430 /* ViewController.swift */; };
		D20BA59529F51C9A00A34430 /* Main.storyboard in Resources */ = {isa = PBXBuildFile; fileRef = D20BA59329F51C9A00A34430 /* Main.storyboard */; };
		D20BA59729F51C9B00A34430 /* Assets.xcassets in Resources */ = {isa = PBXBuildFile; fileRef = D20BA59629F51C9B00A34430 /* Assets.xcassets */; };
		D20BA59A29F51C9B00A34430 /* LaunchScreen.storyboard in Resources */ = {isa = PBXBuildFile; fileRef = D20BA59829F51C9B00A34430 /* LaunchScreen.storyboard */; };
		D20BA5A229F533A800A34430 /* SignUpVC.swift in Sources */ = {isa = PBXBuildFile; fileRef = D20BA5A129F533A800A34430 /* SignUpVC.swift */; };
		D264B51A2AB554B400683520 /* Model.xcdatamodeld in Sources */ = {isa = PBXBuildFile; fileRef = D264B5182AB554B400683520 /* Model.xcdatamodeld */; };
		D264B56B2AB592E100683520 /* EmployeeStatusVC.swift in Sources */ = {isa = PBXBuildFile; fileRef = D264B56A2AB592E100683520 /* EmployeeStatusVC.swift */; };
		D264B56D2AB59B2400683520 /* DataTableViewCell.swift in Sources */ = {isa = PBXBuildFile; fileRef = D264B56C2AB59B2400683520 /* DataTableViewCell.swift */; };
		D28E8BBB2ADF96EE00B01A77 /* GoogleService-Info (1).plist in Resources */ = {isa = PBXBuildFile; fileRef = D28E8BBA2ADF96EE00B01A77 /* GoogleService-Info (1).plist */; };
		D28EE00E29F68B3D0069356C /* EmployeeProfileVC.swift in Sources */ = {isa = PBXBuildFile; fileRef = D28EE00D29F68B3D0069356C /* EmployeeProfileVC.swift */; };
		D2AFF6B72ABC012800FA4429 /* UserModel.swift in Sources */ = {isa = PBXBuildFile; fileRef = D2AFF6B62ABC012800FA4429 /* UserModel.swift */; };
		D2AFF6B92ABC015B00FA4429 /* DatabaseManager.swift in Sources */ = {isa = PBXBuildFile; fileRef = D2AFF6B82ABC015B00FA4429 /* DatabaseManager.swift */; };
/* End PBXBuildFile section */

/* Begin PBXFileReference section */
		D20BA58A29F51C9A00A34430 /* signupDemo.app */ = {isa = PBXFileReference; explicitFileType = wrapper.application; includeInIndex = 0; path = signupDemo.app; sourceTree = BUILT_PRODUCTS_DIR; };
		D20BA58D29F51C9A00A34430 /* AppDelegate.swift */ = {isa = PBXFileReference; lastKnownFileType = sourcecode.swift; path = AppDelegate.swift; sourceTree = "<group>"; };
		D20BA58F29F51C9A00A34430 /* SceneDelegate.swift */ = {isa = PBXFileReference; lastKnownFileType = sourcecode.swift; path = SceneDelegate.swift; sourceTree = "<group>"; };
		D20BA59129F51C9A00A34430 /* ViewController.swift */ = {isa = PBXFileReference; lastKnownFileType = sourcecode.swift; path = ViewController.swift; sourceTree = "<group>"; };
		D20BA59429F51C9A00A34430 /* Base */ = {isa = PBXFileReference; lastKnownFileType = file.storyboard; name = Base; path = Base.lproj/Main.storyboard; sourceTree = "<group>"; };
		D20BA59629F51C9B00A34430 /* Assets.xcassets */ = {isa = PBXFileReference; lastKnownFileType = folder.assetcatalog; path = Assets.xcassets; sourceTree = "<group>"; };
		D20BA59929F51C9B00A34430 /* Base */ = {isa = PBXFileReference; lastKnownFileType = file.storyboard; name = Base; path = Base.lproj/LaunchScreen.storyboard; sourceTree = "<group>"; };
		D20BA59B29F51C9B00A34430 /* Info.plist */ = {isa = PBXFileReference; lastKnownFileType = text.plist.xml; path = Info.plist; sourceTree = "<group>"; };
		D20BA5A129F533A800A34430 /* SignUpVC.swift */ = {isa = PBXFileReference; lastKnownFileType = sourcecode.swift; path = SignUpVC.swift; sourceTree = "<group>"; };
		D264B5192AB554B400683520 /* Model.xcdatamodel */ = {isa = PBXFileReference; lastKnownFileType = wrapper.xcdatamodel; path = Model.xcdatamodel; sourceTree = "<group>"; };
		D264B56A2AB592E100683520 /* EmployeeStatusVC.swift */ = {isa = PBXFileReference; lastKnownFileType = sourcecode.swift; path = EmployeeStatusVC.swift; sourceTree = "<group>"; };
		D264B56C2AB59B2400683520 /* DataTableViewCell.swift */ = {isa = PBXFileReference; lastKnownFileType = sourcecode.swift; path = DataTableViewCell.swift; sourceTree = "<group>"; };
		D28E8BBA2ADF96EE00B01A77 /* GoogleService-Info (1).plist */ = {isa = PBXFileReference; fileEncoding = 4; lastKnownFileType = text.plist.xml; path = "GoogleService-Info (1).plist"; sourceTree = "<group>"; };
		D28EE00D29F68B3D0069356C /* EmployeeProfileVC.swift */ = {isa = PBXFileReference; lastKnownFileType = sourcecode.swift; path = EmployeeProfileVC.swift; sourceTree = "<group>"; };
		D2AFF6B62ABC012800FA4429 /* UserModel.swift */ = {isa = PBXFileReference; lastKnownFileType = sourcecode.swift; path = UserModel.swift; sourceTree = "<group>"; };
		D2AFF6B82ABC015B00FA4429 /* DatabaseManager.swift */ = {isa = PBXFileReference; lastKnownFileType = sourcecode.swift; path = DatabaseManager.swift; sourceTree = "<group>"; };
/* End PBXFileReference section */

/* Begin PBXFrameworksBuildPhase section */
		D20BA58729F51C9A00A34430 /* Frameworks */ = {
			isa = PBXFrameworksBuildPhase;
			buildActionMask = 2147483647;
			files = (
			);
			runOnlyForDeploymentPostprocessing = 0;
		};
/* End PBXFrameworksBuildPhase section */

/* Begin PBXGroup section */
		D20BA58129F51C9A00A34430 = {
			isa = PBXGroup;
			children = (
				D20BA58C29F51C9A00A34430 /* signupDemo */,
				D20BA58B29F51C9A00A34430 /* Products */,
			);
			sourceTree = "<group>";
		};
		D20BA58B29F51C9A00A34430 /* Products */ = {
			isa = PBXGroup;
			children = (
				D20BA58A29F51C9A00A34430 /* signupDemo.app */,
			);
			name = Products;
			sourceTree = "<group>";
		};
		D20BA58C29F51C9A00A34430 /* signupDemo */ = {
			isa = PBXGroup;
			children = (
				D20BA5A729F5345D00A34430 /* Delegates */,
				D20BA5A329F5342000A34430 /* MVC */,
				D2AFF6B42ABC00F300FA4429 /* Database */,
				D20BA59629F51C9B00A34430 /* Assets.xcassets */,
				D20BA59B29F51C9B00A34430 /* Info.plist */,
				D28E8BBA2ADF96EE00B01A77 /* GoogleService-Info (1).plist */,
			);
			path = signupDemo;
			sourceTree = "<group>";
		};
		D20BA5A329F5342000A34430 /* MVC */ = {
			isa = PBXGroup;
			children = (
				D20BA5A429F5342A00A34430 /* Model */,
				D20BA5A529F5343400A34430 /* View */,
				D20BA5A629F5343D00A34430 /* Controller */,
			);
			path = MVC;
			sourceTree = "<group>";
		};
		D20BA5A429F5342A00A34430 /* Model */ = {
			isa = PBXGroup;
			children = (
				D2AFF6B62ABC012800FA4429 /* UserModel.swift */,
			);
			path = Model;
			sourceTree = "<group>";
		};
		D20BA5A529F5343400A34430 /* View */ = {
			isa = PBXGroup;
			children = (
				D20BA59329F51C9A00A34430 /* Main.storyboard */,
				D20BA59829F51C9B00A34430 /* LaunchScreen.storyboard */,
			);
			path = View;
			sourceTree = "<group>";
		};
		D20BA5A629F5343D00A34430 /* Controller */ = {
			isa = PBXGroup;
			children = (
				D20BA59129F51C9A00A34430 /* ViewController.swift */,
				D20BA5A129F533A800A34430 /* SignUpVC.swift */,
				D264B56A2AB592E100683520 /* EmployeeStatusVC.swift */,
				D264B56E2AB59EA700683520 /* TableViewCell */,
				D28EE00D29F68B3D0069356C /* EmployeeProfileVC.swift */,
			);
			path = Controller;
			sourceTree = "<group>";
		};
		D20BA5A729F5345D00A34430 /* Delegates */ = {
			isa = PBXGroup;
			children = (
				D20BA58D29F51C9A00A34430 /* AppDelegate.swift */,
				D20BA58F29F51C9A00A34430 /* SceneDelegate.swift */,
			);
			path = Delegates;
			sourceTree = "<group>";
		};
		D264B56E2AB59EA700683520 /* TableViewCell */ = {
			isa = PBXGroup;
			children = (
				D264B56C2AB59B2400683520 /* DataTableViewCell.swift */,
			);
			path = TableViewCell;
			sourceTree = "<group>";
		};
		D2AFF6B42ABC00F300FA4429 /* Database */ = {
			isa = PBXGroup;
			children = (
				D264B5182AB554B400683520 /* Model.xcdatamodeld */,
				D2AFF6B82ABC015B00FA4429 /* DatabaseManager.swift */,
			);
			path = Database;
			sourceTree = "<group>";
		};
/* End PBXGroup section */

/* Begin PBXNativeTarget section */
		D20BA58929F51C9A00A34430 /* signupDemo */ = {
			isa = PBXNativeTarget;
			buildConfigurationList = D20BA59E29F51C9B00A34430 /* Build configuration list for PBXNativeTarget "signupDemo" */;
			buildPhases = (
				D20BA58629F51C9A00A34430 /* Sources */,
				D20BA58729F51C9A00A34430 /* Frameworks */,
				D20BA58829F51C9A00A34430 /* Resources */,
			);
			buildRules = (
			);
			dependencies = (
			);
			name = signupDemo;
			productName = signupDemo;
			productReference = D20BA58A29F51C9A00A34430 /* signupDemo.app */;
			productType = "com.apple.product-type.application";
		};
/* End PBXNativeTarget section */

/* Begin PBXProject section */
		D20BA58229F51C9A00A34430 /* Project object */ = {
			isa = PBXProject;
			attributes = {
				BuildIndependentTargetsInParallel = 1;
				LastSwiftUpdateCheck = 1410;
				LastUpgradeCheck = 1410;
				TargetAttributes = {
					D20BA58929F51C9A00A34430 = {
						CreatedOnToolsVersion = 14.1;
					};
				};
			};
			buildConfigurationList = D20BA58529F51C9A00A34430 /* Build configuration list for PBXProject "signupDemo" */;
			compatibilityVersion = "Xcode 14.0";
			developmentRegion = en;
			hasScannedForEncodings = 0;
			knownRegions = (
				en,
				Base,
			);
			mainGroup = D20BA58129F51C9A00A34430;
			productRefGroup = D20BA58B29F51C9A00A34430 /* Products */;
			projectDirPath = "";
			projectRoot = "";
			targets = (
				D20BA58929F51C9A00A34430 /* signupDemo */,
			);
		};
/* End PBXProject section */

/* Begin PBXResourcesBuildPhase section */
		D20BA58829F51C9A00A34430 /* Resources */ = {
			isa = PBXResourcesBuildPhase;
			buildActionMask = 2147483647;
			files = (
				D20BA59A29F51C9B00A34430 /* LaunchScreen.storyboard in Resources */,
				D20BA59729F51C9B00A34430 /* Assets.xcassets in Resources */,
				D20BA59529F51C9A00A34430 /* Main.storyboard in Resources */,
				D28E8BBB2ADF96EE00B01A77 /* GoogleService-Info (1).plist in Resources */,
			);
			runOnlyForDeploymentPostprocessing = 0;
		};
/* End PBXResourcesBuildPhase section */

/* Begin PBXSourcesBuildPhase section */
		D20BA58629F51C9A00A34430 /* Sources */ = {
			isa = PBXSourcesBuildPhase;
			buildActionMask = 2147483647;
			files = (
				D20BA5A229F533A800A34430 /* SignUpVC.swift in Sources */,
				D20BA59229F51C9A00A34430 /* ViewController.swift in Sources */,
				D2AFF6B92ABC015B00FA4429 /* DatabaseManager.swift in Sources */,
				D28EE00E29F68B3D0069356C /* EmployeeProfileVC.swift in Sources */,
				D20BA58E29F51C9A00A34430 /* AppDelegate.swift in Sources */,
				D264B56B2AB592E100683520 /* EmployeeStatusVC.swift in Sources */,
				D20BA59029F51C9A00A34430 /* SceneDelegate.swift in Sources */,
				D264B51A2AB554B400683520 /* Model.xcdatamodeld in Sources */,
				D2AFF6B72ABC012800FA4429 /* UserModel.swift in Sources */,
				D264B56D2AB59B2400683520 /* DataTableViewCell.swift in Sources */,
			);
			runOnlyForDeploymentPostprocessing = 0;
		};
/* End PBXSourcesBuildPhase section */

/* Begin PBXVariantGroup section */
		D20BA59329F51C9A00A34430 /* Main.storyboard */ = {
			isa = PBXVariantGroup;
			children = (
				D20BA59429F51C9A00A34430 /* Base */,
			);
			name = Main.storyboard;
			sourceTree = "<group>";
		};
		D20BA59829F51C9B00A34430 /* LaunchScreen.storyboard */ = {
			isa = PBXVariantGroup;
			children = (
				D20BA59929F51C9B00A34430 /* Base */,
			);
			name = LaunchScreen.storyboard;
			sourceTree = "<group>";
		};
/* End PBXVariantGroup section */

/* Begin XCBuildConfiguration section */
		D20BA59C29F51C9B00A34430 /* Debug */ = {
			isa = XCBuildConfiguration;
			buildSettings = {
				ALWAYS_SEARCH_USER_PATHS = NO;
				CLANG_ANALYZER_NONNULL = YES;
				CLANG_ANALYZER_NUMBER_OBJECT_CONVERSION = YES_AGGRESSIVE;
				CLANG_CXX_LANGUAGE_STANDARD = "gnu++20";
				CLANG_ENABLE_MODULES = YES;
				CLANG_ENABLE_OBJC_ARC = YES;
				CLANG_ENABLE_OBJC_WEAK = YES;
				CLANG_WARN_BLOCK_CAPTURE_AUTORELEASING = YES;
				CLANG_WARN_BOOL_CONVERSION = YES;
				CLANG_WARN_COMMA = YES;
				CLANG_WARN_CONSTANT_CONVERSION = YES;
				CLANG_WARN_DEPRECATED_OBJC_IMPLEMENTATIONS = YES;
				CLANG_WARN_DIRECT_OBJC_ISA_USAGE = YES_ERROR;
				CLANG_WARN_DOCUMENTATION_COMMENTS = YES;
				CLANG_WARN_EMPTY_BODY = YES;
				CLANG_WARN_ENUM_CONVERSION = YES;
				CLANG_WARN_INFINITE_RECURSION = YES;
				CLANG_WARN_INT_CONVERSION = YES;
				CLANG_WARN_NON_LITERAL_NULL_CONVERSION = YES;
				CLANG_WARN_OBJC_IMPLICIT_RETAIN_SELF = YES;
				CLANG_WARN_OBJC_LITERAL_CONVERSION = YES;
				CLANG_WARN_OBJC_ROOT_CLASS = YES_ERROR;
				CLANG_WARN_QUOTED_INCLUDE_IN_FRAMEWORK_HEADER = YES;
				CLANG_WARN_RANGE_LOOP_ANALYSIS = YES;
				CLANG_WARN_STRICT_PROTOTYPES = YES;
				CLANG_WARN_SUSPICIOUS_MOVE = YES;
				CLANG_WARN_UNGUARDED_AVAILABILITY = YES_AGGRESSIVE;
				CLANG_WARN_UNREACHABLE_CODE = YES;
				CLANG_WARN__DUPLICATE_METHOD_MATCH = YES;
				COPY_PHASE_STRIP = NO;
				DEBUG_INFORMATION_FORMAT = dwarf;
				ENABLE_STRICT_OBJC_MSGSEND = YES;
				ENABLE_TESTABILITY = YES;
				GCC_C_LANGUAGE_STANDARD = gnu11;
				GCC_DYNAMIC_NO_PIC = NO;
				GCC_NO_COMMON_BLOCKS = YES;
				GCC_OPTIMIZATION_LEVEL = 0;
				GCC_PREPROCESSOR_DEFINITIONS = (
					"DEBUG=1",
					"$(inherited)",
				);
				GCC_WARN_64_TO_32_BIT_CONVERSION = YES;
				GCC_WARN_ABOUT_RETURN_TYPE = YES_ERROR;
				GCC_WARN_UNDECLARED_SELECTOR = YES;
				GCC_WARN_UNINITIALIZED_AUTOS = YES_AGGRESSIVE;
				GCC_WARN_UNUSED_FUNCTION = YES;
				GCC_WARN_UNUSED_VARIABLE = YES;
				IPHONEOS_DEPLOYMENT_TARGET = 16.1;
				MTL_ENABLE_DEBUG_INFO = INCLUDE_SOURCE;
				MTL_FAST_MATH = YES;
				ONLY_ACTIVE_ARCH = YES;
				SDKROOT = iphoneos;
				SWIFT_ACTIVE_COMPILATION_CONDITIONS = DEBUG;
				SWIFT_OPTIMIZATION_LEVEL = "-Onone";
			};
			name = Debug;
		};
		D20BA59D29F51C9B00A34430 /* Release */ = {
			isa = XCBuildConfiguration;
			buildSettings = {
				ALWAYS_SEARCH_USER_PATHS = NO;
				CLANG_ANALYZER_NONNULL = YES;
				CLANG_ANALYZER_NUMBER_OBJECT_CONVERSION = YES_AGGRESSIVE;
				CLANG_CXX_LANGUAGE_STANDARD = "gnu++20";
				CLANG_ENABLE_MODULES = YES;
				CLANG_ENABLE_OBJC_ARC = YES;
				CLANG_ENABLE_OBJC_WEAK = YES;
				CLANG_WARN_BLOCK_CAPTURE_AUTORELEASING = YES;
				CLANG_WARN_BOOL_CONVERSION = YES;
				CLANG_WARN_COMMA = YES;
				CLANG_WARN_CONSTANT_CONVERSION = YES;
				CLANG_WARN_DEPRECATED_OBJC_IMPLEMENTATIONS = YES;
				CLANG_WARN_DIRECT_OBJC_ISA_USAGE = YES_ERROR;
				CLANG_WARN_DOCUMENTATION_COMMENTS = YES;
				CLANG_WARN_EMPTY_BODY = YES;
				CLANG_WARN_ENUM_CONVERSION = YES;
				CLANG_WARN_INFINITE_RECURSION = YES;
				CLANG_WARN_INT_CONVERSION = YES;
				CLANG_WARN_NON_LITERAL_NULL_CONVERSION = YES;
				CLANG_WARN_OBJC_IMPLICIT_RETAIN_SELF = YES;
				CLANG_WARN_OBJC_LITERAL_CONVERSION = YES;
				CLANG_WARN_OBJC_ROOT_CLASS = YES_ERROR;
				CLANG_WARN_QUOTED_INCLUDE_IN_FRAMEWORK_HEADER = YES;
				CLANG_WARN_RANGE_LOOP_ANALYSIS = YES;
				CLANG_WARN_STRICT_PROTOTYPES = YES;
				CLANG_WARN_SUSPICIOUS_MOVE = YES;
				CLANG_WARN_UNGUARDED_AVAILABILITY = YES_AGGRESSIVE;
				CLANG_WARN_UNREACHABLE_CODE = YES;
				CLANG_WARN__DUPLICATE_METHOD_MATCH = YES;
				COPY_PHASE_STRIP = NO;
				DEBUG_INFORMATION_FORMAT = "dwarf-with-dsym";
				ENABLE_NS_ASSERTIONS = NO;
				ENABLE_STRICT_OBJC_MSGSEND = YES;
				GCC_C_LANGUAGE_STANDARD = gnu11;
				GCC_NO_COMMON_BLOCKS = YES;
				GCC_WARN_64_TO_32_BIT_CONVERSION = YES;
				GCC_WARN_ABOUT_RETURN_TYPE = YES_ERROR;
				GCC_WARN_UNDECLARED_SELECTOR = YES;
				GCC_WARN_UNINITIALIZED_AUTOS = YES_AGGRESSIVE;
				GCC_WARN_UNUSED_FUNCTION = YES;
				GCC_WARN_UNUSED_VARIABLE = YES;
				IPHONEOS_DEPLOYMENT_TARGET = 16.1;
				MTL_ENABLE_DEBUG_INFO = NO;
				MTL_FAST_MATH = YES;
				SDKROOT = iphoneos;
				SWIFT_COMPILATION_MODE = wholemodule;
				SWIFT_OPTIMIZATION_LEVEL = "-O";
				VALIDATE_PRODUCT = YES;
			};
			name = Release;
		};
		D20BA59F29F51C9B00A34430 /* Debug */ = {
			isa = XCBuildConfiguration;
			buildSettings = {
				ASSETCATALOG_COMPILER_APPICON_NAME = AppIcon;
				ASSETCATALOG_COMPILER_GLOBAL_ACCENT_COLOR_NAME = AccentColor;
				CODE_SIGN_STYLE = Automatic;
				CURRENT_PROJECT_VERSION = 1;
				GENERATE_INFOPLIST_FILE = YES;
				INFOPLIST_FILE = signupDemo/Info.plist;
				INFOPLIST_KEY_UIApplicationSupportsIndirectInputEvents = YES;
				INFOPLIST_KEY_UILaunchStoryboardName = LaunchScreen;
				INFOPLIST_KEY_UIMainStoryboardFile = Main;
				INFOPLIST_KEY_UISupportedInterfaceOrientations_iPad = "UIInterfaceOrientationPortrait UIInterfaceOrientationPortraitUpsideDown UIInterfaceOrientationLandscapeLeft UIInterfaceOrientationLandscapeRight";
				INFOPLIST_KEY_UISupportedInterfaceOrientations_iPhone = "UIInterfaceOrientationPortrait UIInterfaceOrientationLandscapeLeft UIInterfaceOrientationLandscapeRight";
				LD_RUNPATH_SEARCH_PATHS = (
					"$(inherited)",
					"@executable_path/Frameworks",
				);
				MARKETING_VERSION = 1.0;
				PRODUCT_BUNDLE_IDENTIFIER = naveen.signupDemo;
				PRODUCT_NAME = "$(TARGET_NAME)";
				SUPPORTED_PLATFORMS = "iphoneos iphonesimulator";
				SUPPORTS_MACCATALYST = NO;
				SUPPORTS_MAC_DESIGNED_FOR_IPHONE_IPAD = NO;
				SWIFT_EMIT_LOC_STRINGS = YES;
				SWIFT_VERSION = 5.0;
				TARGETED_DEVICE_FAMILY = "1,2";
			};
			name = Debug;
		};
		D20BA5A029F51C9B00A34430 /* Release */ = {
			isa = XCBuildConfiguration;
			buildSettings = {
				ASSETCATALOG_COMPILER_APPICON_NAME = AppIcon;
				ASSETCATALOG_COMPILER_GLOBAL_ACCENT_COLOR_NAME = AccentColor;
				CODE_SIGN_STYLE = Automatic;
				CURRENT_PROJECT_VERSION = 1;
				GENERATE_INFOPLIST_FILE = YES;
				INFOPLIST_FILE = signupDemo/Info.plist;
				INFOPLIST_KEY_UIApplicationSupportsIndirectInputEvents = YES;
				INFOPLIST_KEY_UILaunchStoryboardName = LaunchScreen;
				INFOPLIST_KEY_UIMainStoryboardFile = Main;
				INFOPLIST_KEY_UISupportedInterfaceOrientations_iPad = "UIInterfaceOrientationPortrait UIInterfaceOrientationPortraitUpsideDown UIInterfaceOrientationLandscapeLeft UIInterfaceOrientationLandscapeRight";
				INFOPLIST_KEY_UISupportedInterfaceOrientations_iPhone = "UIInterfaceOrientationPortrait UIInterfaceOrientationLandscapeLeft UIInterfaceOrientationLandscapeRight";
				LD_RUNPATH_SEARCH_PATHS = (
					"$(inherited)",
					"@executable_path/Frameworks",
				);
				MARKETING_VERSION = 1.0;
				PRODUCT_BUNDLE_IDENTIFIER = naveen.signupDemo;
				PRODUCT_NAME = "$(TARGET_NAME)";
				SUPPORTED_PLATFORMS = "iphoneos iphonesimulator";
				SUPPORTS_MACCATALYST = NO;
				SUPPORTS_MAC_DESIGNED_FOR_IPHONE_IPAD = NO;
				SWIFT_EMIT_LOC_STRINGS = YES;
				SWIFT_VERSION = 5.0;
				TARGETED_DEVICE_FAMILY = "1,2";
			};
			name = Release;
		};
/* End XCBuildConfiguration section */

/* Begin XCConfigurationList section */
		D20BA58529F51C9A00A34430 /* Build configuration list for PBXProject "signupDemo" */ = {
			isa = XCConfigurationList;
			buildConfigurations = (
				D20BA59C29F51C9B00A34430 /* Debug */,
				D20BA59D29F51C9B00A34430 /* Release */,
			);
			defaultConfigurationIsVisible = 0;
			defaultConfigurationName = Release;
		};
		D20BA59E29F51C9B00A34430 /* Build configuration list for PBXNativeTarget "signupDemo" */ = {
			isa = XCConfigurationList;
			buildConfigurations = (
				D20BA59F29F51C9B00A34430 /* Debug */,
				D20BA5A029F51C9B00A34430 /* Release */,
			);
			defaultConfigurationIsVisible = 0;
			defaultConfigurationName = Release;
		};
/* End XCConfigurationList section */

/* Begin XCVersionGroup section */
		D264B5182AB554B400683520 /* Model.xcdatamodeld */ = {
			isa = XCVersionGroup;
			children = (
				D264B5192AB554B400683520 /* Model.xcdatamodel */,
			);
			currentVersion = D264B5192AB554B400683520 /* Model.xcdatamodel */;
			path = Model.xcdatamodeld;
			sourceTree = "<group>";
			versionGroupType = wrapper.xcdatamodel;
		};
/* End XCVersionGroup section */
	};
	rootObject = D20BA58229F51C9A00A34430 /* Project object */;
}
